
Microsoft Visual Studio Solution File, Format Version 12.00
# Visual Studio 15
VisualStudioVersion = 15.0.28307.271
MinimumVisualStudioVersion = 10.0.40219.1
Project("{FAE04EC0-301F-11D3-BF4B-00C04F79EFBC}") = "igfixer", "igfixer\igfixer.csproj", "{A53E30C5-D245-4F4C-9DCC-8696FAED4FF4}"
EndProject
Project("{FAE04EC0-301F-11D3-BF4B-00C04F79EFBC}") = "igfixerTest", "igfixerTest\igfixerTest.csproj", "{14E3418C-EBDE-44CA-982E-5364FF929FE3}"
EndProject
Global
	GlobalSection(SolutionConfigurationPlatforms) = preSolution
		Debug|Any CPU = Debug|Any CPU
		Release|Any CPU = Release|Any CPU
	EndGlobalSection
	GlobalSection(ProjectConfigurationPlatforms) = postSolution
		{A53E30C5-D245-4F4C-9DCC-8696FAED4FF4}.Debug|Any CPU.ActiveCfg = Debug|Any CPU
		{A53E30C5-D245-4F4C-9DCC-8696FAED4FF4}.Debug|Any CPU.Build.0 = Debug|Any CPU
		{A53E30C5-D245-4F4C-9DCC-8696FAED4FF4}.Release|Any CPU.ActiveCfg = Release|Any CPU
		{A53E30C5-D245-4F4C-9DCC-8696FAED4FF4}.Release|Any CPU.Build.0 = Release|Any CPU
		{14E3418C-EBDE-44CA-982E-5364FF929FE3}.Debug|Any CPU.ActiveCfg = Debug|Any CPU
		{14E3418C-EBDE-44CA-982E-5364FF929FE3}.Debug|Any CPU.Build.0 = Debug|Any CPU
		{14E3418C-EBDE-44CA-982E-5364FF929FE3}.Release|Any CPU.ActiveCfg = Release|Any CPU
		{14E3418C-EBDE-44CA-982E-5364FF929FE3}.Release|Any CPU.Build.0 = Release|Any CPU
	EndGlobalSection
	GlobalSection(SolutionProperties) = preSolution
		HideSolutionNode = FALSE
	EndGlobalSection
	GlobalSection(ExtensibilityGlobals) = postSolution
		SolutionGuid = {E22D2D43-DCA9-447B-9143-40267C7D5E21}
	EndGlobalSection
EndGlobal
